// !$*UTF8*$!
{
	archiveVersion = 1;
	classes = {
	};
	objectVersion = 46;
	objects = {

/* Begin PBXBuildFile section */
		95197DEE1E7D25790067140A /* ScanViewController.m in Sources */ = {isa = PBXBuildFile; fileRef = 95197DED1E7D25790067140A /* ScanViewController.m */; };
		95197DF11E7D29C00067140A /* CreatViewController.m in Sources */ = {isa = PBXBuildFile; fileRef = 95197DF01E7D29C00067140A /* CreatViewController.m */; };
		95658E5F1D8938CF00E4B1F4 /* main.m in Sources */ = {isa = PBXBuildFile; fileRef = 95658E5E1D8938CF00E4B1F4 /* main.m */; };
		95658E621D8938CF00E4B1F4 /* AppDelegate.m in Sources */ = {isa = PBXBuildFile; fileRef = 95658E611D8938CF00E4B1F4 /* AppDelegate.m */; };
		95658E651D8938CF00E4B1F4 /* ViewController.m in Sources */ = {isa = PBXBuildFile; fileRef = 95658E641D8938CF00E4B1F4 /* ViewController.m */; };
		95658E681D8938CF00E4B1F4 /* Main.storyboard in Resources */ = {isa = PBXBuildFile; fileRef = 95658E661D8938CF00E4B1F4 /* Main.storyboard */; };
		95658E6A1D8938CF00E4B1F4 /* Assets.xcassets in Resources */ = {isa = PBXBuildFile; fileRef = 95658E691D8938CF00E4B1F4 /* Assets.xcassets */; };
		95658E6D1D8938CF00E4B1F4 /* LaunchScreen.storyboard in Resources */ = {isa = PBXBuildFile; fileRef = 95658E6B1D8938CF00E4B1F4 /* LaunchScreen.storyboard */; };
		95658E781D8938CF00E4B1F4 /* YQImageCodeToolDEMOTests.m in Sources */ = {isa = PBXBuildFile; fileRef = 95658E771D8938CF00E4B1F4 /* YQImageCodeToolDEMOTests.m */; };
		95658E831D8938CF00E4B1F4 /* YQImageCodeToolDEMOUITests.m in Sources */ = {isa = PBXBuildFile; fileRef = 95658E821D8938CF00E4B1F4 /* YQImageCodeToolDEMOUITests.m */; };
		95658E961D89392000E4B1F4 /* YQImageCodeTool.m in Sources */ = {isa = PBXBuildFile; fileRef = 95658E951D89392000E4B1F4 /* YQImageCodeTool.m */; };
/* End PBXBuildFile section */

/* Begin PBXContainerItemProxy section */
		95658E741D8938CF00E4B1F4 /* PBXContainerItemProxy */ = {
			isa = PBXContainerItemProxy;
			containerPortal = 95658E521D8938CF00E4B1F4 /* Project object */;
			proxyType = 1;
			remoteGlobalIDString = 95658E591D8938CF00E4B1F4;
			remoteInfo = YQImageCodeToolDEMO;
		};
		95658E7F1D8938CF00E4B1F4 /* PBXContainerItemProxy */ = {
			isa = PBXContainerItemProxy;
			containerPortal = 95658E521D8938CF00E4B1F4 /* Project object */;
			proxyType = 1;
			remoteGlobalIDString = 95658E591D8938CF00E4B1F4;
			remoteInfo = YQImageCodeToolDEMO;
		};
/* End PBXContainerItemProxy section */

/* Begin PBXFileReference section */
		95197DEC1E7D25790067140A /* ScanViewController.h */ = {isa = PBXFileReference; fileEncoding = 4; lastKnownFileType = sourcecode.c.h; path = ScanViewController.h; sourceTree = "<group>"; };
		95197DED1E7D25790067140A /* ScanViewController.m */ = {isa = PBXFileReference; fileEncoding = 4; lastKnownFileType = sourcecode.c.objc; path = ScanViewController.m; sourceTree = "<group>"; };
		95197DEF1E7D29C00067140A /* CreatViewController.h */ = {isa = PBXFileReference; fileEncoding = 4; lastKnownFileType = sourcecode.c.h; path = CreatViewController.h; sourceTree = "<group>"; };
		95197DF01E7D29C00067140A /* CreatViewController.m */ = {isa = PBXFileReference; fileEncoding = 4; lastKnownFileType = sourcecode.c.objc; path = CreatViewController.m; sourceTree = "<group>"; };
		95658E5A1D8938CF00E4B1F4 /* YQImageCodeToolDEMO.app */ = {isa = PBXFileReference; explicitFileType = wrapper.application; includeInIndex = 0; path = YQImageCodeToolDEMO.app; sourceTree = BUILT_PRODUCTS_DIR; };
		95658E5E1D8938CF00E4B1F4 /* main.m */ = {isa = PBXFileReference; lastKnownFileType = sourcecode.c.objc; path = main.m; sourceTree = "<group>"; };
		95658E601D8938CF00E4B1F4 /* AppDelegate.h */ = {isa = PBXFileReference; lastKnownFileType = sourcecode.c.h; path = AppDelegate.h; sourceTree = "<group>"; };
		95658E611D8938CF00E4B1F4 /* AppDelegate.m */ = {isa = PBXFileReference; lastKnownFileType = sourcecode.c.objc; path = AppDelegate.m; sourceTree = "<group>"; };
		95658E631D8938CF00E4B1F4 /* ViewController.h */ = {isa = PBXFileReference; lastKnownFileType = sourcecode.c.h; path = ViewController.h; sourceTree = "<group>"; };
		95658E641D8938CF00E4B1F4 /* ViewController.m */ = {isa = PBXFileReference; lastKnownFileType = sourcecode.c.objc; path = ViewController.m; sourceTree = "<group>"; };
		95658E671D8938CF00E4B1F4 /* Base */ = {isa = PBXFileReference; lastKnownFileType = file.storyboard; name = Base; path = Base.lproj/Main.storyboard; sourceTree = "<group>"; };
		95658E691D8938CF00E4B1F4 /* Assets.xcassets */ = {isa = PBXFileReference; lastKnownFileType = folder.assetcatalog; path = Assets.xcassets; sourceTree = "<group>"; };
		95658E6C1D8938CF00E4B1F4 /* Base */ = {isa = PBXFileReference; lastKnownFileType = file.storyboard; name = Base; path = Base.lproj/LaunchScreen.storyboard; sourceTree = "<group>"; };
		95658E6E1D8938CF00E4B1F4 /* Info.plist */ = {isa = PBXFileReference; lastKnownFileType = text.plist.xml; path = Info.plist; sourceTree = "<group>"; };
		95658E731D8938CF00E4B1F4 /* YQImageCodeToolDEMOTests.xctest */ = {isa = PBXFileReference; explicitFileType = wrapper.cfbundle; includeInIndex = 0; path = YQImageCodeToolDEMOTests.xctest; sourceTree = BUILT_PRODUCTS_DIR; };
		95658E771D8938CF00E4B1F4 /* YQImageCodeToolDEMOTests.m */ = {isa = PBXFileReference; lastKnownFileType = sourcecode.c.objc; path = YQImageCodeToolDEMOTests.m; sourceTree = "<group>"; };
		95658E791D8938CF00E4B1F4 /* Info.plist */ = {isa = PBXFileReference; lastKnownFileType = text.plist.xml; path = Info.plist; sourceTree = "<group>"; };
		95658E7E1D8938CF00E4B1F4 /* YQImageCodeToolDEMOUITests.xctest */ = {isa = PBXFileReference; explicitFileType = wrapper.cfbundle; includeInIndex = 0; path = YQImageCodeToolDEMOUITests.xctest; sourceTree = BUILT_PRODUCTS_DIR; };
		95658E821D8938CF00E4B1F4 /* YQImageCodeToolDEMOUITests.m */ = {isa = PBXFileReference; lastKnownFileType = sourcecode.c.objc; path = YQImageCodeToolDEMOUITests.m; sourceTree = "<group>"; };
		95658E841D8938CF00E4B1F4 /* Info.plist */ = {isa = PBXFileReference; lastKnownFileType = text.plist.xml; path = Info.plist; sourceTree = "<group>"; };
		95658E941D89392000E4B1F4 /* YQImageCodeTool.h */ = {isa = PBXFileReference; fileEncoding = 4; lastKnownFileType = sourcecode.c.h; path = YQImageCodeTool.h; sourceTree = "<group>"; };
		95658E951D89392000E4B1F4 /* YQImageCodeTool.m */ = {isa = PBXFileReference; fileEncoding = 4; lastKnownFileType = sourcecode.c.objc; path = YQImageCodeTool.m; sourceTree = "<group>"; };
/* End PBXFileReference section */

/* Begin PBXFrameworksBuildPhase section */
		95658E571D8938CF00E4B1F4 /* Frameworks */ = {
			isa = PBXFrameworksBuildPhase;
			buildActionMask = 2147483647;
			files = (
			);
			runOnlyForDeploymentPostprocessing = 0;
		};
		95658E701D8938CF00E4B1F4 /* Frameworks */ = {
			isa = PBXFrameworksBuildPhase;
			buildActionMask = 2147483647;
			files = (
			);
			runOnlyForDeploymentPostprocessing = 0;
		};
		95658E7B1D8938CF00E4B1F4 /* Frameworks */ = {
			isa = PBXFrameworksBuildPhase;
			buildActionMask = 2147483647;
			files = (
			);
			runOnlyForDeploymentPostprocessing = 0;
		};
/* End PBXFrameworksBuildPhase section */

/* Begin PBXGroup section */
		95658E511D8938CF00E4B1F4 = {
			isa = PBXGroup;
			children = (
				95658E931D89392000E4B1F4 /* YQImageCodeTool */,
				95658E5C1D8938CF00E4B1F4 /* YQImageCodeToolDEMO */,
				95658E761D8938CF00E4B1F4 /* YQImageCodeToolDEMOTests */,
				95658E811D8938CF00E4B1F4 /* YQImageCodeToolDEMOUITests */,
				95658E5B1D8938CF00E4B1F4 /* Products */,
			);
			sourceTree = "<group>";
		};
		95658E5B1D8938CF00E4B1F4 /* Products */ = {
			isa = PBXGroup;
			children = (
				95658E5A1D8938CF00E4B1F4 /* YQImageCodeToolDEMO.app */,
				95658E731D8938CF00E4B1F4 /* YQImageCodeToolDEMOTests.xctest */,
				95658E7E1D8938CF00E4B1F4 /* YQImageCodeToolDEMOUITests.xctest */,
			);
			name = Products;
			sourceTree = "<group>";
		};
		95658E5C1D8938CF00E4B1F4 /* YQImageCodeToolDEMO */ = {
			isa = PBXGroup;
			children = (
				95658E601D8938CF00E4B1F4 /* AppDelegate.h */,
				95658E611D8938CF00E4B1F4 /* AppDelegate.m */,
				95658E631D8938CF00E4B1F4 /* ViewController.h */,
				95658E641D8938CF00E4B1F4 /* ViewController.m */,
				95197DEC1E7D25790067140A /* ScanViewController.h */,
				95197DED1E7D25790067140A /* ScanViewController.m */,
				95197DEF1E7D29C00067140A /* CreatViewController.h */,
				95197DF01E7D29C00067140A /* CreatViewController.m */,
				95658E661D8938CF00E4B1F4 /* Main.storyboard */,
				95658E691D8938CF00E4B1F4 /* Assets.xcassets */,
				95658E6B1D8938CF00E4B1F4 /* LaunchScreen.storyboard */,
				95658E6E1D8938CF00E4B1F4 /* Info.plist */,
				95658E5D1D8938CF00E4B1F4 /* Supporting Files */,
			);
			path = YQImageCodeToolDEMO;
			sourceTree = "<group>";
		};
		95658E5D1D8938CF00E4B1F4 /* Supporting Files */ = {
			isa = PBXGroup;
			children = (
				95658E5E1D8938CF00E4B1F4 /* main.m */,
			);
			name = "Supporting Files";
			sourceTree = "<group>";
		};
		95658E761D8938CF00E4B1F4 /* YQImageCodeToolDEMOTests */ = {
			isa = PBXGroup;
			children = (
				95658E771D8938CF00E4B1F4 /* YQImageCodeToolDEMOTests.m */,
				95658E791D8938CF00E4B1F4 /* Info.plist */,
			);
			path = YQImageCodeToolDEMOTests;
			sourceTree = "<group>";
		};
		95658E811D8938CF00E4B1F4 /* YQImageCodeToolDEMOUITests */ = {
			isa = PBXGroup;
			children = (
				95658E821D8938CF00E4B1F4 /* YQImageCodeToolDEMOUITests.m */,
				95658E841D8938CF00E4B1F4 /* Info.plist */,
			);
			path = YQImageCodeToolDEMOUITests;
			sourceTree = "<group>";
		};
		95658E931D89392000E4B1F4 /* YQImageCodeTool */ = {
			isa = PBXGroup;
			children = (
				95658E941D89392000E4B1F4 /* YQImageCodeTool.h */,
				95658E951D89392000E4B1F4 /* YQImageCodeTool.m */,
			);
			path = YQImageCodeTool;
			sourceTree = "<group>";
		};
/* End PBXGroup section */

/* Begin PBXNativeTarget section */
		95658E591D8938CF00E4B1F4 /* YQImageCodeToolDEMO */ = {
			isa = PBXNativeTarget;
			buildConfigurationList = 95658E871D8938D000E4B1F4 /* Build configuration list for PBXNativeTarget "YQImageCodeToolDEMO" */;
			buildPhases = (
				95658E561D8938CF00E4B1F4 /* Sources */,
				95658E571D8938CF00E4B1F4 /* Frameworks */,
				95658E581D8938CF00E4B1F4 /* Resources */,
			);
			buildRules = (
			);
			dependencies = (
			);
			name = YQImageCodeToolDEMO;
			productName = YQImageCodeToolDEMO;
			productReference = 95658E5A1D8938CF00E4B1F4 /* YQImageCodeToolDEMO.app */;
			productType = "com.apple.product-type.application";
		};
		95658E721D8938CF00E4B1F4 /* YQImageCodeToolDEMOTests */ = {
			isa = PBXNativeTarget;
			buildConfigurationList = 95658E8A1D8938D000E4B1F4 /* Build configuration list for PBXNativeTarget "YQImageCodeToolDEMOTests" */;
			buildPhases = (
				95658E6F1D8938CF00E4B1F4 /* Sources */,
				95658E701D8938CF00E4B1F4 /* Frameworks */,
				95658E711D8938CF00E4B1F4 /* Resources */,
			);
			buildRules = (
			);
			dependencies = (
				95658E751D8938CF00E4B1F4 /* PBXTargetDependency */,
			);
			name = YQImageCodeToolDEMOTests;
			productName = YQImageCodeToolDEMOTests;
			productReference = 95658E731D8938CF00E4B1F4 /* YQImageCodeToolDEMOTests.xctest */;
			productType = "com.apple.product-type.bundle.unit-test";
		};
		95658E7D1D8938CF00E4B1F4 /* YQImageCodeToolDEMOUITests */ = {
			isa = PBXNativeTarget;
			buildConfigurationList = 95658E8D1D8938D000E4B1F4 /* Build configuration list for PBXNativeTarget "YQImageCodeToolDEMOUITests" */;
			buildPhases = (
				95658E7A1D8938CF00E4B1F4 /* Sources */,
				95658E7B1D8938CF00E4B1F4 /* Frameworks */,
				95658E7C1D8938CF00E4B1F4 /* Resources */,
			);
			buildRules = (
			);
			dependencies = (
				95658E801D8938CF00E4B1F4 /* PBXTargetDependency */,
			);
			name = YQImageCodeToolDEMOUITests;
			productName = YQImageCodeToolDEMOUITests;
			productReference = 95658E7E1D8938CF00E4B1F4 /* YQImageCodeToolDEMOUITests.xctest */;
			productType = "com.apple.product-type.bundle.ui-testing";
		};
/* End PBXNativeTarget section */

/* Begin PBXProject section */
		95658E521D8938CF00E4B1F4 /* Project object */ = {
			isa = PBXProject;
			attributes = {
				LastUpgradeCheck = 0730;
				ORGANIZATIONNAME = ProblenChild;
				TargetAttributes = {
					95658E591D8938CF00E4B1F4 = {
						CreatedOnToolsVersion = 7.3.1;
						DevelopmentTeam = CKAC5QB95T;
					};
					95658E721D8938CF00E4B1F4 = {
						CreatedOnToolsVersion = 7.3.1;
						TestTargetID = 95658E591D8938CF00E4B1F4;
					};
					95658E7D1D8938CF00E4B1F4 = {
						CreatedOnToolsVersion = 7.3.1;
						TestTargetID = 95658E591D8938CF00E4B1F4;
					};
				};
			};
			buildConfigurationList = 95658E551D8938CF00E4B1F4 /* Build configuration list for PBXProject "YQImageCodeToolDEMO" */;
			compatibilityVersion = "Xcode 3.2";
			developmentRegion = English;
			hasScannedForEncodings = 0;
			knownRegions = (
				en,
				Base,
			);
			mainGroup = 95658E511D8938CF00E4B1F4;
			productRefGroup = 95658E5B1D8938CF00E4B1F4 /* Products */;
			projectDirPath = "";
			projectRoot = "";
			targets = (
				95658E591D8938CF00E4B1F4 /* YQImageCodeToolDEMO */,
				95658E721D8938CF00E4B1F4 /* YQImageCodeToolDEMOTests */,
				95658E7D1D8938CF00E4B1F4 /* YQImageCodeToolDEMOUITests */,
			);
		};
/* End PBXProject section */

/* Begin PBXResourcesBuildPhase section */
		95658E581D8938CF00E4B1F4 /* Resources */ = {
			isa = PBXResourcesBuildPhase;
			buildActionMask = 2147483647;
			files = (
				95658E6D1D8938CF00E4B1F4 /* LaunchScreen.storyboard in Resources */,
				95658E6A1D8938CF00E4B1F4 /* Assets.xcassets in Resources */,
				95658E681D8938CF00E4B1F4 /* Main.storyboard in Resources */,
			);
			runOnlyForDeploymentPostprocessing = 0;
		};
		95658E711D8938CF00E4B1F4 /* Resources */ = {
			isa = PBXResourcesBuildPhase;
			buildActionMask = 2147483647;
			files = (
			);
			runOnlyForDeploymentPostprocessing = 0;
		};
		95658E7C1D8938CF00E4B1F4 /* Resources */ = {
			isa = PBXResourcesBuildPhase;
			buildActionMask = 2147483647;
			files = (
			);
			runOnlyForDeploymentPostprocessing = 0;
		};
/* End PBXResourcesBuildPhase section */

/* Begin PBXSourcesBuildPhase section */
		95658E561D8938CF00E4B1F4 /* Sources */ = {
			isa = PBXSourcesBuildPhase;
			buildActionMask = 2147483647;
			files = (
				95658E651D8938CF00E4B1F4 /* ViewController.m in Sources */,
				95197DEE1E7D25790067140A /* ScanViewController.m in Sources */,
				95658E621D8938CF00E4B1F4 /* AppDelegate.m in Sources */,
				95658E961D89392000E4B1F4 /* YQImageCodeTool.m in Sources */,
				95197DF11E7D29C00067140A /* CreatViewController.m in Sources */,
				95658E5F1D8938CF00E4B1F4 /* main.m in Sources */,
			);
			runOnlyForDeploymentPostprocessing = 0;
		};
		95658E6F1D8938CF00E4B1F4 /* Sources */ = {
			isa = PBXSourcesBuildPhase;
			buildActionMask = 2147483647;
			files = (
				95658E781D8938CF00E4B1F4 /* YQImageCodeToolDEMOTests.m in Sources */,
			);
			runOnlyForDeploymentPostprocessing = 0;
		};
		95658E7A1D8938CF00E4B1F4 /* Sources */ = {
			isa = PBXSourcesBuildPhase;
			buildActionMask = 2147483647;
			files = (
				95658E831D8938CF00E4B1F4 /* YQImageCodeToolDEMOUITests.m in Sources */,
			);
			runOnlyForDeploymentPostprocessing = 0;
		};
/* End PBXSourcesBuildPhase section */

/* Begin PBXTargetDependency section */
		95658E751D8938CF00E4B1F4 /* PBXTargetDependency */ = {
			isa = PBXTargetDependency;
			target = 95658E591D8938CF00E4B1F4 /* YQImageCodeToolDEMO */;
			targetProxy = 95658E741D8938CF00E4B1F4 /* PBXContainerItemProxy */;
		};
		95658E801D8938CF00E4B1F4 /* PBXTargetDependency */ = {
			isa = PBXTargetDependency;
			target = 95658E591D8938CF00E4B1F4 /* YQImageCodeToolDEMO */;
			targetProxy = 95658E7F1D8938CF00E4B1F4 /* PBXContainerItemProxy */;
		};
/* End PBXTargetDependency section */

/* Begin PBXVariantGroup section */
		95658E661D8938CF00E4B1F4 /* Main.storyboard */ = {
			isa = PBXVariantGroup;
			children = (
				95658E671D8938CF00E4B1F4 /* Base */,
			);
			name = Main.storyboard;
			sourceTree = "<group>";
		};
		95658E6B1D8938CF00E4B1F4 /* LaunchScreen.storyboard */ = {
			isa = PBXVariantGroup;
			children = (
				95658E6C1D8938CF00E4B1F4 /* Base */,
			);
			name = LaunchScreen.storyboard;
			sourceTree = "<group>";
		};
/* End PBXVariantGroup section */

/* Begin XCBuildConfiguration section */
		95658E851D8938D000E4B1F4 /* Debug */ = {
			isa = XCBuildConfiguration;
			buildSettings = {
				ALWAYS_SEARCH_USER_PATHS = NO;
				CLANG_ANALYZER_NONNULL = YES;
				CLANG_CXX_LANGUAGE_STANDARD = "gnu++0x";
				CLANG_CXX_LIBRARY = "libc++";
				CLANG_ENABLE_MODULES = YES;
				CLANG_ENABLE_OBJC_ARC = YES;
				CLANG_WARN_BOOL_CONVERSION = YES;
				CLANG_WARN_CONSTANT_CONVERSION = YES;
				CLANG_WARN_DIRECT_OBJC_ISA_USAGE = YES_ERROR;
				CLANG_WARN_EMPTY_BODY = YES;
				CLANG_WARN_ENUM_CONVERSION = YES;
				CLANG_WARN_INT_CONVERSION = YES;
				CLANG_WARN_OBJC_ROOT_CLASS = YES_ERROR;
				CLANG_WARN_UNREACHABLE_CODE = YES;
				CLANG_WARN__DUPLICATE_METHOD_MATCH = YES;
				"CODE_SIGN_IDENTITY[sdk=iphoneos*]" = "iPhone Developer";
				COPY_PHASE_STRIP = NO;
				DEBUG_INFORMATION_FORMAT = dwarf;
				ENABLE_STRICT_OBJC_MSGSEND = YES;
				ENABLE_TESTABILITY = YES;
				GCC_C_LANGUAGE_STANDARD = gnu99;
				GCC_DYNAMIC_NO_PIC = NO;
				GCC_NO_COMMON_BLOCKS = YES;
				GCC_OPTIMIZATION_LEVEL = 0;
				GCC_PREPROCESSOR_DEFINITIONS = (
					"DEBUG=1",
					"$(inherited)",
				);
				GCC_WARN_64_TO_32_BIT_CONVERSION = YES;
				GCC_WARN_ABOUT_RETURN_TYPE = YES_ERROR;
				GCC_WARN_UNDECLARED_SELECTOR = YES;
				GCC_WARN_UNINITIALIZED_AUTOS = YES_AGGRESSIVE;
				GCC_WARN_UNUSED_FUNCTION = YES;
				GCC_WARN_UNUSED_VARIABLE = YES;
				IPHONEOS_DEPLOYMENT_TARGET = 9.3;
				MTL_ENABLE_DEBUG_INFO = YES;
				ONLY_ACTIVE_ARCH = YES;
				SDKROOT = iphoneos;
			};
			name = Debug;
		};
		95658E861D8938D000E4B1F4 /* Release */ = {
			isa = XCBuildConfiguration;
			buildSettings = {
				ALWAYS_SEARCH_USER_PATHS = NO;
				CLANG_ANALYZER_NONNULL = YES;
				CLANG_CXX_LANGUAGE_STANDARD = "gnu++0x";
				CLANG_CXX_LIBRARY = "libc++";
				CLANG_ENABLE_MODULES = YES;
				CLANG_ENABLE_OBJC_ARC = YES;
				CLANG_WARN_BOOL_CONVERSION = YES;
				CLANG_WARN_CONSTANT_CONVERSION = YES;
				CLANG_WARN_DIRECT_OBJC_ISA_USAGE = YES_ERROR;
				CLANG_WARN_EMPTY_BODY = YES;
				CLANG_WARN_ENUM_CONVERSION = YES;
				CLANG_WARN_INT_CONVERSION = YES;
				CLANG_WARN_OBJC_ROOT_CLASS = YES_ERROR;
				CLANG_WARN_UNREACHABLE_CODE = YES;
				CLANG_WARN__DUPLICATE_METHOD_MATCH = YES;
				"CODE_SIGN_IDENTITY[sdk=iphoneos*]" = "iPhone Developer";
				COPY_PHASE_STRIP = NO;
				DEBUG_INFORMATION_FORMAT = "dwarf-with-dsym";
				ENABLE_NS_ASSERTIONS = NO;
				ENABLE_STRICT_OBJC_MSGSEND = YES;
				GCC_C_LANGUAGE_STANDARD = gnu99;
				GCC_NO_COMMON_BLOCKS = YES;
				GCC_WARN_64_TO_32_BIT_CONVERSION = YES;
				GCC_WARN_ABOUT_RETURN_TYPE = YES_ERROR;
				GCC_WARN_UNDECLARED_SELECTOR = YES;
				GCC_WARN_UNINITIALIZED_AUTOS = YES_AGGRESSIVE;
				GCC_WARN_UNUSED_FUNCTION = YES;
				GCC_WARN_UNUSED_VARIABLE = YES;
				IPHONEOS_DEPLOYMENT_TARGET = 9.3;
				MTL_ENABLE_DEBUG_INFO = NO;
				SDKROOT = iphoneos;
				VALIDATE_PRODUCT = YES;
			};
			name = Release;
		};
		95658E881D8938D000E4B1F4 /* Debug */ = {
			isa = XCBuildConfiguration;
			buildSettings = {
				ASSETCATALOG_COMPILER_APPICON_NAME = AppIcon;
				DEVELOPMENT_TEAM = CKAC5QB95T;
				INFOPLIST_FILE = YQImageCodeToolDEMO/Info.plist;
				LD_RUNPATH_SEARCH_PATHS = "$(inherited) @executable_path/Frameworks";
				PRODUCT_BUNDLE_IDENTIFIER = com.problenchild.YQImageCodeToolDEMO;
				PRODUCT_NAME = "$(TARGET_NAME)";
			};
			name = Debug;
		};
		95658E891D8938D000E4B1F4 /* Release */ = {
			isa = XCBuildConfiguration;
			buildSettings = {
				ASSETCATALOG_COMPILER_APPICON_NAME = AppIcon;
				DEVELOPMENT_TEAM = CKAC5QB95T;
				INFOPLIST_FILE = YQImageCodeToolDEMO/Info.plist;
				LD_RUNPATH_SEARCH_PATHS = "$(inherited) @executable_path/Frameworks";
				PRODUCT_BUNDLE_IDENTIFIER = com.problenchild.YQImageCodeToolDEMO;
				PRODUCT_NAME = "$(TARGET_NAME)";
			};
			name = Release;
		};
		95658E8B1D8938D000E4B1F4 /* Debug */ = {
			isa = XCBuildConfiguration;
			buildSettings = {
				BUNDLE_LOADER = "$(TEST_HOST)";
				INFOPLIST_FILE = YQImageCodeToolDEMOTests/Info.plist;
				LD_RUNPATH_SEARCH_PATHS = "$(inherited) @executable_path/Frameworks @loader_path/Frameworks";
				PRODUCT_BUNDLE_IDENTIFIER = com.problenchild.YQImageCodeToolDEMOTests;
				PRODUCT_NAME = "$(TARGET_NAME)";
				TEST_HOST = "$(BUILT_PRODUCTS_DIR)/YQImageCodeToolDEMO.app/YQImageCodeToolDEMO";
			};
			name = Debug;
		};
		95658E8C1D8938D000E4B1F4 /* Release */ = {
			isa = XCBuildConfiguration;
			buildSettings = {
				BUNDLE_LOADER = "$(TEST_HOST)";
				INFOPLIST_FILE = YQImageCodeToolDEMOTests/Info.plist;
				LD_RUNPATH_SEARCH_PATHS = "$(inherited) @executable_path/Frameworks @loader_path/Frameworks";
				PRODUCT_BUNDLE_IDENTIFIER = com.problenchild.YQImageCodeToolDEMOTests;
				PRODUCT_NAME = "$(TARGET_NAME)";
				TEST_HOST = "$(BUILT_PRODUCTS_DIR)/YQImageCodeToolDEMO.app/YQImageCodeToolDEMO";
			};
			name = Release;
		};
		95658E8E1D8938D000E4B1F4 /* Debug */ = {
			isa = XCBuildConfiguration;
			buildSettings = {
				INFOPLIST_FILE = YQImageCodeToolDEMOUITests/Info.plist;
				LD_RUNPATH_SEARCH_PATHS = "$(inherited) @executable_path/Frameworks @loader_path/Frameworks";
				PRODUCT_BUNDLE_IDENTIFIER = com.problenchild.YQImageCodeToolDEMOUITests;
				PRODUCT_NAME = "$(TARGET_NAME)";
				TEST_TARGET_NAME = YQImageCodeToolDEMO;
			};
			name = Debug;
		};
		95658E8F1D8938D000E4B1F4 /* Release */ = {
			isa = XCBuildConfiguration;
			buildSettings = {
				INFOPLIST_FILE = YQImageCodeToolDEMOUITests/Info.plist;
				LD_RUNPATH_SEARCH_PATHS = "$(inherited) @executable_path/Frameworks @loader_path/Frameworks";
				PRODUCT_BUNDLE_IDENTIFIER = com.problenchild.YQImageCodeToolDEMOUITests;
				PRODUCT_NAME = "$(TARGET_NAME)";
				TEST_TARGET_NAME = YQImageCodeToolDEMO;
			};
			name = Release;
		};
/* End XCBuildConfiguration section */

/* Begin XCConfigurationList section */
		95658E551D8938CF00E4B1F4 /* Build configuration list for PBXProject "YQImageCodeToolDEMO" */ = {
			isa = XCConfigurationList;
			buildConfigurations = (
				95658E851D8938D000E4B1F4 /* Debug */,
				95658E861D8938D000E4B1F4 /* Release */,
			);
			defaultConfigurationIsVisible = 0;
			defaultConfigurationName = Release;
		};
		95658E871D8938D000E4B1F4 /* Build configuration list for PBXNativeTarget "YQImageCodeToolDEMO" */ = {
			isa = XCConfigurationList;
			buildConfigurations = (
				95658E881D8938D000E4B1F4 /* Debug */,
				95658E891D8938D000E4B1F4 /* Release */,
			);
			defaultConfigurationIsVisible = 0;
			defaultConfigurationName = Release;
		};
		95658E8A1D8938D000E4B1F4 /* Build configuration list for PBXNativeTarget "YQImageCodeToolDEMOTests" */ = {
			isa = XCConfigurationList;
			buildConfigurations = (
				95658E8B1D8938D000E4B1F4 /* Debug */,
				95658E8C1D8938D000E4B1F4 /* Release */,
			);
			defaultConfigurationIsVisible = 0;
			defaultConfigurationName = Release;
		};
		95658E8D1D8938D000E4B1F4 /* Build configuration list for PBXNativeTarget "YQImageCodeToolDEMOUITests" */ = {
			isa = XCConfigurationList;
			buildConfigurations = (
				95658E8E1D8938D000E4B1F4 /* Debug */,
				95658E8F1D8938D000E4B1F4 /* Release */,
			);
			defaultConfigurationIsVisible = 0;
			defaultConfigurationName = Release;
		};
/* End XCConfigurationList section */
	};
	rootObject = 95658E521D8938CF00E4B1F4 /* Project object */;
}
